<?xml version="1.0" encoding="UTF-8"?>
<Scheme
   version = "1.3">
   <BuildAction>
      <BuildActionEntries>
         <BuildActionEntry
            buildForRunning = "YES">
            <BuildableReference
               BuildableIdentifier = "primary"
               BlueprintIdentifier = "342DC784CA6B3052972F112E"
               BuildableName = "SuperpoweredTest"
               BlueprintName = "SuperpoweredTest"
               ReferencedContainer = "container:SuperpoweredTest.xcodeproj">
            </BuildableReference>
         </BuildActionEntry>
      </BuildActionEntries>
   </BuildAction>
   <LaunchAction
      useCustomWorkingDirectory = "NO"
      buildConfiguration = "Debug"
      allowLocationSimulation = "YES">
      <BuildableProductRunnable>
         <BuildableReference
            BuildableIdentifier = "primary"
            BlueprintIdentifier = "342DC784CA6B3052972F112E"
            BuildableName = "SuperpoweredTest"
            BlueprintName = "SuperpoweredTest"
            ReferencedContainer = "container:SuperpoweredTest.xcodeproj">
         </BuildableReference>
      </BuildableProductRunnable>
   </LaunchAction>
</Scheme>
